
Microsoft Visual Studio Solution File, Format Version 12.00
# Visual Studio Version 16
VisualStudioVersion = 16.0.29519.87
MinimumVisualStudioVersion = 10.0.40219.1
Project("{FAE04EC0-301F-11D3-BF4B-00C04F79EFBC}") = "Garage 2.0", "Garage 2.0\Garage 2.0.csproj", "{B3E15A30-9849-467A-A918-9B132260D4FE}"
EndProject
Global
	GlobalSection(SolutionConfigurationPlatforms) = preSolution
		Debug|Any CPU = Debug|Any CPU
		Release|Any CPU = Release|Any CPU
	EndGlobalSection
	GlobalSection(ProjectConfigurationPlatforms) = postSolution
		{B3E15A30-9849-467A-A918-9B132260D4FE}.Debug|Any CPU.ActiveCfg = Debug|Any CPU
		{B3E15A30-9849-467A-A918-9B132260D4FE}.Debug|Any CPU.Build.0 = Debug|Any CPU
		{B3E15A30-9849-467A-A918-9B132260D4FE}.Release|Any CPU.ActiveCfg = Release|Any CPU
		{B3E15A30-9849-467A-A918-9B132260D4FE}.Release|Any CPU.Build.0 = Release|Any CPU
	EndGlobalSection
	GlobalSection(SolutionProperties) = preSolution
		HideSolutionNode = FALSE
	EndGlobalSection
	GlobalSection(ExtensibilityGlobals) = postSolution
		SolutionGuid = {ABF2B567-0E65-4D9D-B069-DA52E1BB5A56}
	EndGlobalSection
EndGlobal
